{
  "nodes": {
    "home-manager": {
      "inputs": {
        "nixpkgs": [
          "nixpkgs"
        ]
      },
      "locked": {
        "lastModified": 1781881225,
        "narHash": "sha256-JOnx7JKUPYbYPnAV0p00B35c6jDqcATaL9hAAcwgX2c=",
        "owner": "nix-community",
        "repo": "home-manager",
        "rev": "fea021792d4e33a2dd55f2a328a8851949d436ec",
        "type": "github"
      },
      "original": {
        "owner": "nix-community",
        "repo": "home-manager",
        "type": "github"
      }
    },
    "home-manager_2": {
      "inputs": {
        "nixpkgs": [
          "zen-browser",
          "nixpkgs"
        ]
      },
      "locked": {
        "lastModified": 1768434960,
        "narHash": "sha256-cJbFn17oyg6qAraLr+NVeNJrXsrzJdrudkzI4H2iTcg=",
        "owner": "nix-community",
        "repo": "home-manager",
        "rev": "b4d88c9ac42ae1a745283f6547701da43b6e9f9b",
        "type": "github"
      },
      "original": {
        "owner": "nix-community",
        "repo": "home-manager",
        "type": "github"
      }
    },
    "nixpkgs": {
      "locked": {
        "lastModified": 1781577229,
        "narHash": "sha256-lrp67w8AulE9Ks53n27I45ADSzbOCn4H+CNW1Ck8B+8=",
        "owner": "NixOS",
        "repo": "nixpkgs",
        "rev": "567a49d1913ce81ac6e9582e3553dd90a955875f",
        "type": "github"
      },
      "original": {
        "owner": "NixOS",
        "ref": "nixos-unstable",
        "repo": "nixpkgs",
        "type": "github"
      }
    },
    "nixpkgs-stable": {
      "locked": {
        "lastModified": 1767313136,
        "narHash": "sha256-16KkgfdYqjaeRGBaYsNrhPRRENs0qzkQVUooNHtoy2w=",
        "owner": "NixOS",
        "repo": "nixpkgs",
        "rev": "ac62194c3917d5f474c1a844b6fd6da2db95077d",
        "type": "github"
      },
      "original": {
        "owner": "NixOS",
        "ref": "nixos-25.05",
        "repo": "nixpkgs",
        "type": "github"
      }
    },
    "nixpkgs_2": {
      "locked": {
        "lastModified": 1768127708,
        "narHash": "sha256-1Sm77VfZh3mU0F5OqKABNLWxOuDeHIlcFjsXeeiPazs=",
        "owner": "nixos",
        "repo": "nixpkgs",
        "rev": "ffbc9f8cbaacfb331b6017d5a5abb21a492c9a38",
        "type": "github"
      },
      "original": {
        "owner": "nixos",
        "ref": "nixos-unstable",
        "repo": "nixpkgs",
        "type": "github"
      }
    },
    "root": {
      "inputs": {
        "home-manager": "home-manager",
        "nixpkgs": "nixpkgs",
        "nixpkgs-stable": "nixpkgs-stable",
        "sidra": "sidra",
        "zen-browser": "zen-browser"
      }
    },
    "sidra": {
      "inputs": {
        "nixpkgs": [
          "nixpkgs"
        ]
      },
      "locked": {
        "lastModified": 1781860611,
        "narHash": "sha256-r4r4i9yBwNpecn81lNcW4F0ruimSCltlOojHtjGnkVc=",
        "owner": "0xr3x",
        "repo": "sidra",
        "rev": "2132aa3b3a2465d99a51041300ea3e9f3720d018",
        "type": "github"
      },
      "original": {
        "owner": "0xr3x",
        "repo": "sidra",
        "type": "github"
      }
    },
    "zen-browser": {
      "inputs": {
        "home-manager": "home-manager_2",
        "nixpkgs": "nixpkgs_2"
      },
      "locked": {
        "lastModified": 1769748063,
        "narHash": "sha256-H5XCtJMS3RQKHeaS+axX7CAJ0WwuTUYGy4uzLFSm0Xc=",
        "owner": "0xr3x",
        "repo": "zen-browser-flake",
        "rev": "efdd1e683da9412f515b9bd42c37861978c2fd3a",
        "type": "github"
      },
      "original": {
        "owner": "0xr3x",
        "repo": "zen-browser-flake",
        "type": "github"
      }
    }
  },
  "root": "root",
  "version": 7
}
